
Microsoft Visual Studio Solution File, Format Version 12.00
# Visual Studio 15
VisualStudioVersion = 15.0.27130.2027
MinimumVisualStudioVersion = 10.0.40219.1
Project("{9A19103F-16F7-4668-BE54-9A1E7A4F7556}") = "IdentityServerHost", "src\IdentityServerHost\IdentityServerHost.csproj", "{D04EFA4F-A033-4F89-AECB-FAA2194E61EB}"
EndProject
Project("{FAE04EC0-301F-11D3-BF4B-00C04F79EFBC}") = "IdentityServerHost.Tests", "Tests\IdentityServerHost.Tests\IdentityServerHost.Tests.csproj", "{CC4E1E25-620B-42FE-8A50-0C31E1066DBC}"
EndProject
Project("{2150E333-8FDC-42A3-9474-1A3956D46DE8}") = "Solution Items", "Solution Items", "{05AE2DD4-1FFD-49E0-B0D0-ACBB6083E0F8}"
	ProjectSection(SolutionItems) = preProject
		README.md = README.md
	EndProjectSection
EndProject
Global
	GlobalSection(SolutionConfigurationPlatforms) = preSolution
		Debug|Any CPU = Debug|Any CPU
		Debug|x86 = Debug|x86
		Release|Any CPU = Release|Any CPU
		Release|x86 = Release|x86
	EndGlobalSection
	GlobalSection(ProjectConfigurationPlatforms) = postSolution
		{D04EFA4F-A033-4F89-AECB-FAA2194E61EB}.Debug|Any CPU.ActiveCfg = Debug|Any CPU
		{D04EFA4F-A033-4F89-AECB-FAA2194E61EB}.Debug|Any CPU.Build.0 = Debug|Any CPU
		{D04EFA4F-A033-4F89-AECB-FAA2194E61EB}.Debug|x86.ActiveCfg = Debug|x86
		{D04EFA4F-A033-4F89-AECB-FAA2194E61EB}.Debug|x86.Build.0 = Debug|x86
		{D04EFA4F-A033-4F89-AECB-FAA2194E61EB}.Release|Any CPU.ActiveCfg = Release|Any CPU
		{D04EFA4F-A033-4F89-AECB-FAA2194E61EB}.Release|Any CPU.Build.0 = Release|Any CPU
		{D04EFA4F-A033-4F89-AECB-FAA2194E61EB}.Release|x86.ActiveCfg = Release|x86
		{D04EFA4F-A033-4F89-AECB-FAA2194E61EB}.Release|x86.Build.0 = Release|x86
		{CC4E1E25-620B-42FE-8A50-0C31E1066DBC}.Debug|Any CPU.ActiveCfg = Debug|Any CPU
		{CC4E1E25-620B-42FE-8A50-0C31E1066DBC}.Debug|Any CPU.Build.0 = Debug|Any CPU
		{CC4E1E25-620B-42FE-8A50-0C31E1066DBC}.Debug|x86.ActiveCfg = Debug|Any CPU
		{CC4E1E25-620B-42FE-8A50-0C31E1066DBC}.Debug|x86.Build.0 = Debug|Any CPU
		{CC4E1E25-620B-42FE-8A50-0C31E1066DBC}.Release|Any CPU.ActiveCfg = Release|Any CPU
		{CC4E1E25-620B-42FE-8A50-0C31E1066DBC}.Release|Any CPU.Build.0 = Release|Any CPU
		{CC4E1E25-620B-42FE-8A50-0C31E1066DBC}.Release|x86.ActiveCfg = Release|Any CPU
		{CC4E1E25-620B-42FE-8A50-0C31E1066DBC}.Release|x86.Build.0 = Release|Any CPU
	EndGlobalSection
	GlobalSection(SolutionProperties) = preSolution
		HideSolutionNode = FALSE
	EndGlobalSection
	GlobalSection(ExtensibilityGlobals) = postSolution
		SolutionGuid = {7B47C039-44C3-4102-89BB-B5D052C562FC}
	EndGlobalSection
EndGlobal
